
Microsoft Visual Studio Solution File, Format Version 12.00
# Visual Studio Version 16
VisualStudioVersion = 16.0.31410.357
MinimumVisualStudioVersion = 10.0.40219.1
Project("{9A19103F-16F7-4668-BE54-9A1E7A4F7556}") = "RxApp", "RxApp\RxApp.csproj", "{AAE715CA-7DE9-49BF-8B62-E4A14E8492DA}"
EndProject
Project("{FAE04EC0-301F-11D3-BF4B-00C04F79EFBC}") = "RxUnitTests", "RxUnitTests\RxUnitTests.csproj", "{3209EE37-DA46-4DB5-AFBB-B848E9E8D981}"
EndProject
Project("{FAE04EC0-301F-11D3-BF4B-00C04F79EFBC}") = "RxConsole", "RxConsole\RxConsole.csproj", "{151F97AB-66F6-495E-B142-0EEB18704904}"
EndProject
Global
	GlobalSection(SolutionConfigurationPlatforms) = preSolution
		Debug|Any CPU = Debug|Any CPU
		Release|Any CPU = Release|Any CPU
	EndGlobalSection
	GlobalSection(ProjectConfigurationPlatforms) = postSolution
		{AAE715CA-7DE9-49BF-8B62-E4A14E8492DA}.Debug|Any CPU.ActiveCfg = Debug|Any CPU
		{AAE715CA-7DE9-49BF-8B62-E4A14E8492DA}.Debug|Any CPU.Build.0 = Debug|Any CPU
		{AAE715CA-7DE9-49BF-8B62-E4A14E8492DA}.Release|Any CPU.ActiveCfg = Release|Any CPU
		{AAE715CA-7DE9-49BF-8B62-E4A14E8492DA}.Release|Any CPU.Build.0 = Release|Any CPU
		{3209EE37-DA46-4DB5-AFBB-B848E9E8D981}.Debug|Any CPU.ActiveCfg = Debug|Any CPU
		{3209EE37-DA46-4DB5-AFBB-B848E9E8D981}.Debug|Any CPU.Build.0 = Debug|Any CPU
		{3209EE37-DA46-4DB5-AFBB-B848E9E8D981}.Release|Any CPU.ActiveCfg = Release|Any CPU
		{3209EE37-DA46-4DB5-AFBB-B848E9E8D981}.Release|Any CPU.Build.0 = Release|Any CPU
		{151F97AB-66F6-495E-B142-0EEB18704904}.Debug|Any CPU.ActiveCfg = Debug|Any CPU
		{151F97AB-66F6-495E-B142-0EEB18704904}.Debug|Any CPU.Build.0 = Debug|Any CPU
		{151F97AB-66F6-495E-B142-0EEB18704904}.Release|Any CPU.ActiveCfg = Release|Any CPU
		{151F97AB-66F6-495E-B142-0EEB18704904}.Release|Any CPU.Build.0 = Release|Any CPU
	EndGlobalSection
	GlobalSection(SolutionProperties) = preSolution
		HideSolutionNode = FALSE
	EndGlobalSection
	GlobalSection(ExtensibilityGlobals) = postSolution
		SolutionGuid = {C8D61F03-22FE-4088-9CBE-DFDAC5D63473}
	EndGlobalSection
EndGlobal
